
Microsoft Visual Studio Solution File, Format Version 12.00
# Visual Studio Version 17
VisualStudioVersion = 17.12.35527.113
MinimumVisualStudioVersion = 10.0.40219.1
Project("{FAE04EC0-301F-11D3-BF4B-00C04F79EFBC}") = "RBAC2.Blazor", "RBAC2.Blazor\RBAC2.Blazor.csproj", "{E4740920-606B-4D9B-9182-B0CD7F06B68A}"
EndProject
Project("{FAE04EC0-301F-11D3-BF4B-00C04F79EFBC}") = "RBAC2.Database", "RBAC2.Database\RBAC2.Database.csproj", "{127A977D-6CE9-4B34-931F-7A8A0E9C442D}"
EndProject
Project("{FAE04EC0-301F-11D3-BF4B-00C04F79EFBC}") = "RBAC2.Domain", "RBAC2.Domain\RBAC2.Domain.csproj", "{E42D81F8-A62C-4FC4-98EE-CBDF0EF41CFB}"
EndProject
Global
	GlobalSection(SolutionConfigurationPlatforms) = preSolution
		Debug|Any CPU = Debug|Any CPU
		Release|Any CPU = Release|Any CPU
	EndGlobalSection
	GlobalSection(ProjectConfigurationPlatforms) = postSolution
		{E4740920-606B-4D9B-9182-B0CD7F06B68A}.Debug|Any CPU.ActiveCfg = Debug|Any CPU
		{E4740920-606B-4D9B-9182-B0CD7F06B68A}.Debug|Any CPU.Build.0 = Debug|Any CPU
		{E4740920-606B-4D9B-9182-B0CD7F06B68A}.Release|Any CPU.ActiveCfg = Release|Any CPU
		{E4740920-606B-4D9B-9182-B0CD7F06B68A}.Release|Any CPU.Build.0 = Release|Any CPU
		{127A977D-6CE9-4B34-931F-7A8A0E9C442D}.Debug|Any CPU.ActiveCfg = Debug|Any CPU
		{127A977D-6CE9-4B34-931F-7A8A0E9C442D}.Debug|Any CPU.Build.0 = Debug|Any CPU
		{127A977D-6CE9-4B34-931F-7A8A0E9C442D}.Release|Any CPU.ActiveCfg = Release|Any CPU
		{127A977D-6CE9-4B34-931F-7A8A0E9C442D}.Release|Any CPU.Build.0 = Release|Any CPU
		{E42D81F8-A62C-4FC4-98EE-CBDF0EF41CFB}.Debug|Any CPU.ActiveCfg = Debug|Any CPU
		{E42D81F8-A62C-4FC4-98EE-CBDF0EF41CFB}.Debug|Any CPU.Build.0 = Debug|Any CPU
		{E42D81F8-A62C-4FC4-98EE-CBDF0EF41CFB}.Release|Any CPU.ActiveCfg = Release|Any CPU
		{E42D81F8-A62C-4FC4-98EE-CBDF0EF41CFB}.Release|Any CPU.Build.0 = Release|Any CPU
	EndGlobalSection
	GlobalSection(SolutionProperties) = preSolution
		HideSolutionNode = FALSE
	EndGlobalSection
EndGlobal
